--- 
dependencies: 
- sinatra: ">= 0"
- dm-core: ">= 0"
- dm-more: ">= 0"
- do_sqlite3: ">= 0"
- thin: ">= 0"
- rspec: ">= 0"
- rack-test: ">= 0"
specs: 
- sexp_processor: 
    version: 3.0.4
- json_pure: 
    version: 1.2.3
- daemons: 
    version: 1.0.10
- ParseTree: 
    version: 3.0.5
- bcrypt-ruby: 
    version: 2.1.2
- eventmachine: 
    version: 0.12.10
- rack: 
    version: 1.1.0
- rack-test: 
    version: 0.5.3
- sinatra: 
    version: "1.0"
- thin: 
    version: 1.2.7
- stringex: 
    version: 1.1.0
- randexp: 
    version: 0.1.5
- rspec: 
    version: 1.3.0
- extlib: 
    version: 0.9.14
- dm-timestamps: 
    version: 0.10.2
- dm-observer: 
    version: 0.10.2
- dm-is-state_machine: 
    version: 0.10.2
- dm-aggregates: 
    version: 0.10.2
- dm-is-remixable: 
    version: 0.10.2
- addressable: 
    version: 2.1.1
- dm-core: 
    version: 0.10.2
- dm-cli: 
    version: 0.10.2
- dm-migrations: 
    version: 0.10.2
- dm-constraints: 
    version: 0.10.2
- dm-sweatshop: 
    version: 0.10.2
- dm-is-searchable: 
    version: 0.10.2
- data_objects: 
    version: 0.10.1
- do_sqlite3: 
    version: 0.10.1.1
- rails_datamapper: 
    version: 0.10.2
- dm-validations: 
    version: 0.10.2
- dm-tags: 
    version: 0.10.2
- dm-is-versioned: 
    version: 0.10.2
- uuidtools: 
    version: 2.1.1
- dm-adjust: 
    version: 0.10.2
- dm-is-list: 
    version: 0.10.2
- dm-is-nested_set: 
    version: 0.10.2
- dm-ar-finders: 
    version: 0.10.2
- ZenTest: 
    version: 4.3.0
- RubyInline: 
    version: 3.8.4
- fastercsv: 
    version: 1.5.3
- dm-types: 
    version: 0.10.2
- dm-serializer: 
    version: 0.10.2
- dm-rest-adapter: 
    version: 0.10.2
- dm-is-tree: 
    version: 0.10.2
- dm-more: 
    version: 0.10.2
hash: 8e5d322d7ba84f4b34fb97b51880ec3fff4b3b71
sources: 
- Rubygems: 
    uri: http://gemcutter.org
